
Microsoft Visual Studio Solution File, Format Version 12.00
# Visual Studio Version 17
VisualStudioVersion = 17.8.34330.188
MinimumVisualStudioVersion = 10.0.40219.1
Project("{9A19103F-16F7-4668-BE54-9A1E7A4F7556}") = "Course", "ExeSet\Course.csproj", "{F3E9F92C-7154-4C09-B13B-F43DBFDE2B37}"
EndProject
Global
	GlobalSection(SolutionConfigurationPlatforms) = preSolution
		Debug|Any CPU = Debug|Any CPU
		Release|Any CPU = Release|Any CPU
	EndGlobalSection
	GlobalSection(ProjectConfigurationPlatforms) = postSolution
		{F3E9F92C-7154-4C09-B13B-F43DBFDE2B37}.Debug|Any CPU.ActiveCfg = Debug|Any CPU
		{F3E9F92C-7154-4C09-B13B-F43DBFDE2B37}.Debug|Any CPU.Build.0 = Debug|Any CPU
		{F3E9F92C-7154-4C09-B13B-F43DBFDE2B37}.Release|Any CPU.ActiveCfg = Release|Any CPU
		{F3E9F92C-7154-4C09-B13B-F43DBFDE2B37}.Release|Any CPU.Build.0 = Release|Any CPU
	EndGlobalSection
	GlobalSection(SolutionProperties) = preSolution
		HideSolutionNode = FALSE
	EndGlobalSection
	GlobalSection(ExtensibilityGlobals) = postSolution
		SolutionGuid = {DD96DD88-2BC8-4A93-B223-C3F0C2ED13E4}
	EndGlobalSection
EndGlobal
