
Microsoft Visual Studio Solution File, Format Version 12.00
# Visual Studio Version 17
VisualStudioVersion = 17.8.34330.188
MinimumVisualStudioVersion = 10.0.40219.1
Project("{FAE04EC0-301F-11D3-BF4B-00C04F79EFBC}") = "ExpressaoLambda", "ExpressaoLambda\ExpressaoLambda.csproj", "{62D9783C-0C09-43B6-A5C0-007F95F6839B}"
EndProject
Global
	GlobalSection(SolutionConfigurationPlatforms) = preSolution
		Debug|Any CPU = Debug|Any CPU
		Release|Any CPU = Release|Any CPU
	EndGlobalSection
	GlobalSection(ProjectConfigurationPlatforms) = postSolution
		{62D9783C-0C09-43B6-A5C0-007F95F6839B}.Debug|Any CPU.ActiveCfg = Debug|Any CPU
		{62D9783C-0C09-43B6-A5C0-007F95F6839B}.Debug|Any CPU.Build.0 = Debug|Any CPU
		{62D9783C-0C09-43B6-A5C0-007F95F6839B}.Release|Any CPU.ActiveCfg = Release|Any CPU
		{62D9783C-0C09-43B6-A5C0-007F95F6839B}.Release|Any CPU.Build.0 = Release|Any CPU
	EndGlobalSection
	GlobalSection(SolutionProperties) = preSolution
		HideSolutionNode = FALSE
	EndGlobalSection
	GlobalSection(ExtensibilityGlobals) = postSolution
		SolutionGuid = {55ED4E81-1972-4EE4-B5FA-19633C96BC3C}
	EndGlobalSection
EndGlobal
