
Microsoft Visual Studio Solution File, Format Version 12.00
# Visual Studio Version 17
VisualStudioVersion = 17.8.34330.188
MinimumVisualStudioVersion = 10.0.40219.1
Project("{FAE04EC0-301F-11D3-BF4B-00C04F79EFBC}") = "Course", "GetHashCodeEquals\Course.csproj", "{5D9828A0-F5A7-46D8-B5AA-5E5E360E24BF}"
EndProject
Global
	GlobalSection(SolutionConfigurationPlatforms) = preSolution
		Debug|Any CPU = Debug|Any CPU
		Release|Any CPU = Release|Any CPU
	EndGlobalSection
	GlobalSection(ProjectConfigurationPlatforms) = postSolution
		{5D9828A0-F5A7-46D8-B5AA-5E5E360E24BF}.Debug|Any CPU.ActiveCfg = Debug|Any CPU
		{5D9828A0-F5A7-46D8-B5AA-5E5E360E24BF}.Debug|Any CPU.Build.0 = Debug|Any CPU
		{5D9828A0-F5A7-46D8-B5AA-5E5E360E24BF}.Release|Any CPU.ActiveCfg = Release|Any CPU
		{5D9828A0-F5A7-46D8-B5AA-5E5E360E24BF}.Release|Any CPU.Build.0 = Release|Any CPU
	EndGlobalSection
	GlobalSection(SolutionProperties) = preSolution
		HideSolutionNode = FALSE
	EndGlobalSection
	GlobalSection(ExtensibilityGlobals) = postSolution
		SolutionGuid = {50137408-09A7-4D4F-AAA9-E4B3EC3FA77C}
	EndGlobalSection
EndGlobal
