
Microsoft Visual Studio Solution File, Format Version 12.00
# Visual Studio Version 17
VisualStudioVersion = 17.8.34330.188
MinimumVisualStudioVersion = 10.0.40219.1
Project("{FAE04EC0-301F-11D3-BF4B-00C04F79EFBC}") = "Course", "interface\Course.csproj", "{9DF9D9BB-F42C-4572-ACF9-F0F3BC626F42}"
EndProject
Global
	GlobalSection(SolutionConfigurationPlatforms) = preSolution
		Debug|Any CPU = Debug|Any CPU
		Release|Any CPU = Release|Any CPU
	EndGlobalSection
	GlobalSection(ProjectConfigurationPlatforms) = postSolution
		{9DF9D9BB-F42C-4572-ACF9-F0F3BC626F42}.Debug|Any CPU.ActiveCfg = Debug|Any CPU
		{9DF9D9BB-F42C-4572-ACF9-F0F3BC626F42}.Debug|Any CPU.Build.0 = Debug|Any CPU
		{9DF9D9BB-F42C-4572-ACF9-F0F3BC626F42}.Release|Any CPU.ActiveCfg = Release|Any CPU
		{9DF9D9BB-F42C-4572-ACF9-F0F3BC626F42}.Release|Any CPU.Build.0 = Release|Any CPU
	EndGlobalSection
	GlobalSection(SolutionProperties) = preSolution
		HideSolutionNode = FALSE
	EndGlobalSection
	GlobalSection(ExtensibilityGlobals) = postSolution
		SolutionGuid = {670A9390-9F4C-42A1-A2B9-D7EC5A8BA11F}
	EndGlobalSection
EndGlobal
